// !$*UTF8*$!
{
	archiveVersion = 1;
	classes = {
	};
	objectVersion = 77;
	objects = {

/* Begin PBXBuildFile section */
		424CDDEE2CFF786400EFCE5D /* CustomToolBar.swift in Sources */ = {isa = PBXBuildFile; fileRef = 424CDDED2CFF786400EFCE5D /* CustomToolBar.swift */; };
		426599A22CF4DA9600623D0D /* Preview Assets.xcassets in Resources */ = {isa = PBXBuildFile; fileRef = 4265999C2CF4DA9600623D0D /* Preview Assets.xcassets */; };
		426599A32CF4DA9600623D0D /* Assets.xcassets in Resources */ = {isa = PBXBuildFile; fileRef = 4265999E2CF4DA9600623D0D /* Assets.xcassets */; };
		426599A42CF4DA9600623D0D /* RickyMortyView.swift in Sources */ = {isa = PBXBuildFile; fileRef = 4265999F2CF4DA9600623D0D /* RickyMortyView.swift */; };
		426599A52CF4DA9600623D0D /* RickAndMortySDPApp.swift in Sources */ = {isa = PBXBuildFile; fileRef = 426599A02CF4DA9600623D0D /* RickAndMortySDPApp.swift */; };
		426599AB2CF4DB5400623D0D /* RickMortyModelDTO.swift in Sources */ = {isa = PBXBuildFile; fileRef = 426599AA2CF4DB5400623D0D /* RickMortyModelDTO.swift */; };
		426599AD2CF4DE3200623D0D /* RickMortyModel.swift in Sources */ = {isa = PBXBuildFile; fileRef = 426599AC2CF4DE3200623D0D /* RickMortyModel.swift */; };
		426599B02CF4E31000623D0D /* RepositoryMorty.swift in Sources */ = {isa = PBXBuildFile; fileRef = 426599AF2CF4E31000623D0D /* RepositoryMorty.swift */; };
		426599B32CF4E7E400623D0D /* NetWorkError.swift in Sources */ = {isa = PBXBuildFile; fileRef = 426599B22CF4E7E400623D0D /* NetWorkError.swift */; };
		426599B62CF4EAFE00623D0D /* RickyMortyListVM.swift in Sources */ = {isa = PBXBuildFile; fileRef = 426599B52CF4EAFE00623D0D /* RickyMortyListVM.swift */; };
		42BEB56F2CF77F4200C67406 /* NetworkRepository.swift in Sources */ = {isa = PBXBuildFile; fileRef = 42BEB56E2CF77F4200C67406 /* NetworkRepository.swift */; };
		42BEB5712CF789AA00C67406 /* URLRequest.swift in Sources */ = {isa = PBXBuildFile; fileRef = 42BEB5702CF789AA00C67406 /* URLRequest.swift */; };
		42E600982CF62FE500F75738 /* CustomDateFormatter.swift in Sources */ = {isa = PBXBuildFile; fileRef = 42E600972CF62FE500F75738 /* CustomDateFormatter.swift */; };
		42E6009A2CF632A900F75738 /* RickMortyMockData.json in Resources */ = {isa = PBXBuildFile; fileRef = 42E600992CF632A900F75738 /* RickMortyMockData.json */; };
		42E6009C2CF636C900F75738 /* PreviewData.swift in Sources */ = {isa = PBXBuildFile; fileRef = 42E6009B2CF636C900F75738 /* PreviewData.swift */; };
		42E6009E2CF6399500F75738 /* URL.swift in Sources */ = {isa = PBXBuildFile; fileRef = 42E6009D2CF6399500F75738 /* URL.swift */; };
		42E600A02CF63FC200F75738 /* URLSession.swift in Sources */ = {isa = PBXBuildFile; fileRef = 42E6009F2CF63FC200F75738 /* URLSession.swift */; };
		FCC4BBE52CF8DFE1002A4257 /* HomeView.swift in Sources */ = {isa = PBXBuildFile; fileRef = FCC4BBE42CF8DFE1002A4257 /* HomeView.swift */; };
		FCC4BBE72CF8E0B1002A4257 /* FavoritesListView.swift in Sources */ = {isa = PBXBuildFile; fileRef = FCC4BBE62CF8E0B1002A4257 /* FavoritesListView.swift */; };
/* End PBXBuildFile section */

/* Begin PBXFileReference section */
		424CDDED2CFF786400EFCE5D /* CustomToolBar.swift */ = {isa = PBXFileReference; lastKnownFileType = sourcecode.swift; path = CustomToolBar.swift; sourceTree = "<group>"; };
		4265998A2CF4DA7000623D0D /* RickAndMortySDP.app */ = {isa = PBXFileReference; explicitFileType = wrapper.application; includeInIndex = 0; path = RickAndMortySDP.app; sourceTree = BUILT_PRODUCTS_DIR; };
		4265999C2CF4DA9600623D0D /* Preview Assets.xcassets */ = {isa = PBXFileReference; lastKnownFileType = folder.assetcatalog; path = "Preview Assets.xcassets"; sourceTree = "<group>"; };
		4265999E2CF4DA9600623D0D /* Assets.xcassets */ = {isa = PBXFileReference; lastKnownFileType = folder.assetcatalog; path = Assets.xcassets; sourceTree = "<group>"; };
		4265999F2CF4DA9600623D0D /* RickyMortyView.swift */ = {isa = PBXFileReference; lastKnownFileType = sourcecode.swift; path = RickyMortyView.swift; sourceTree = "<group>"; };
		426599A02CF4DA9600623D0D /* RickAndMortySDPApp.swift */ = {isa = PBXFileReference; lastKnownFileType = sourcecode.swift; path = RickAndMortySDPApp.swift; sourceTree = "<group>"; };
		426599AA2CF4DB5400623D0D /* RickMortyModelDTO.swift */ = {isa = PBXFileReference; lastKnownFileType = sourcecode.swift; path = RickMortyModelDTO.swift; sourceTree = "<group>"; };
		426599AC2CF4DE3200623D0D /* RickMortyModel.swift */ = {isa = PBXFileReference; lastKnownFileType = sourcecode.swift; path = RickMortyModel.swift; sourceTree = "<group>"; };
		426599AF2CF4E31000623D0D /* RepositoryMorty.swift */ = {isa = PBXFileReference; lastKnownFileType = sourcecode.swift; path = RepositoryMorty.swift; sourceTree = "<group>"; };
		426599B22CF4E7E400623D0D /* NetWorkError.swift */ = {isa = PBXFileReference; lastKnownFileType = sourcecode.swift; path = NetWorkError.swift; sourceTree = "<group>"; };
		426599B52CF4EAFE00623D0D /* RickyMortyListVM.swift */ = {isa = PBXFileReference; lastKnownFileType = sourcecode.swift; path = RickyMortyListVM.swift; sourceTree = "<group>"; };
		42BEB56E2CF77F4200C67406 /* NetworkRepository.swift */ = {isa = PBXFileReference; lastKnownFileType = sourcecode.swift; path = NetworkRepository.swift; sourceTree = "<group>"; };
		42BEB5702CF789AA00C67406 /* URLRequest.swift */ = {isa = PBXFileReference; lastKnownFileType = sourcecode.swift; path = URLRequest.swift; sourceTree = "<group>"; };
		42E600972CF62FE500F75738 /* CustomDateFormatter.swift */ = {isa = PBXFileReference; lastKnownFileType = sourcecode.swift; path = CustomDateFormatter.swift; sourceTree = "<group>"; };
		42E600992CF632A900F75738 /* RickMortyMockData.json */ = {isa = PBXFileReference; lastKnownFileType = text.json; path = RickMortyMockData.json; sourceTree = "<group>"; };
		42E6009B2CF636C900F75738 /* PreviewData.swift */ = {isa = PBXFileReference; lastKnownFileType = sourcecode.swift; path = PreviewData.swift; sourceTree = "<group>"; };
		42E6009D2CF6399500F75738 /* URL.swift */ = {isa = PBXFileReference; lastKnownFileType = sourcecode.swift; path = URL.swift; sourceTree = "<group>"; };
		42E6009F2CF63FC200F75738 /* URLSession.swift */ = {isa = PBXFileReference; lastKnownFileType = sourcecode.swift; path = URLSession.swift; sourceTree = "<group>"; };
		FCC4BBE42CF8DFE1002A4257 /* HomeView.swift */ = {isa = PBXFileReference; lastKnownFileType = sourcecode.swift; path = HomeView.swift; sourceTree = "<group>"; };
		FCC4BBE62CF8E0B1002A4257 /* FavoritesListView.swift */ = {isa = PBXFileReference; lastKnownFileType = sourcecode.swift; path = FavoritesListView.swift; sourceTree = "<group>"; };
/* End PBXFileReference section */

/* Begin PBXFrameworksBuildPhase section */
		426599872CF4DA7000623D0D /* Frameworks */ = {
			isa = PBXFrameworksBuildPhase;
			buildActionMask = 2147483647;
			files = (
			);
			runOnlyForDeploymentPostprocessing = 0;
		};
/* End PBXFrameworksBuildPhase section */

/* Begin PBXGroup section */
		424CDDEC2CFF784200EFCE5D /* ViewModifier */ = {
			isa = PBXGroup;
			children = (
				424CDDED2CFF786400EFCE5D /* CustomToolBar.swift */,
			);
			path = ViewModifier;
			sourceTree = "<group>";
		};
		426599812CF4DA7000623D0D = {
			isa = PBXGroup;
			children = (
				426599A12CF4DA9600623D0D /* RickAndMortySDP */,
				4265998B2CF4DA7000623D0D /* Products */,
			);
			sourceTree = "<group>";
		};
		4265998B2CF4DA7000623D0D /* Products */ = {
			isa = PBXGroup;
			children = (
				4265998A2CF4DA7000623D0D /* RickAndMortySDP.app */,
			);
			name = Products;
			sourceTree = "<group>";
		};
		4265999D2CF4DA9600623D0D /* Preview Content */ = {
			isa = PBXGroup;
			children = (
				4265999C2CF4DA9600623D0D /* Preview Assets.xcassets */,
				42E600992CF632A900F75738 /* RickMortyMockData.json */,
				42E6009B2CF636C900F75738 /* PreviewData.swift */,
			);
			path = "Preview Content";
			sourceTree = "<group>";
		};
		426599A12CF4DA9600623D0D /* RickAndMortySDP */ = {
			isa = PBXGroup;
			children = (
				426599A82CF4DAEA00623D0D /* Views */,
				426599B42CF4EAD700623D0D /* ViewModel */,
				426599AE2CF4E2E400623D0D /* Repository */,
				426599B12CF4E7CE00623D0D /* Interface */,
				426599A62CF4DABE00623D0D /* Model */,
				42E600962CF62FCF00F75738 /* extension */,
				426599A72CF4DACB00623D0D /* Resources */,
				426599A92CF4DB0200623D0D /* System */,
				4265999D2CF4DA9600623D0D /* Preview Content */,
			);
			path = RickAndMortySDP;
			sourceTree = "<group>";
		};
		426599A62CF4DABE00623D0D /* Model */ = {
			isa = PBXGroup;
			children = (
				426599AA2CF4DB5400623D0D /* RickMortyModelDTO.swift */,
				426599AC2CF4DE3200623D0D /* RickMortyModel.swift */,
			);
			path = Model;
			sourceTree = "<group>";
		};
		426599A72CF4DACB00623D0D /* Resources */ = {
			isa = PBXGroup;
			children = (
				4265999E2CF4DA9600623D0D /* Assets.xcassets */,
			);
			path = Resources;
			sourceTree = "<group>";
		};
		426599A82CF4DAEA00623D0D /* Views */ = {
			isa = PBXGroup;
			children = (
				4265999F2CF4DA9600623D0D /* RickyMortyView.swift */,
				FCC4BBE42CF8DFE1002A4257 /* HomeView.swift */,
				FCC4BBE62CF8E0B1002A4257 /* FavoritesListView.swift */,
				424CDDEC2CFF784200EFCE5D /* ViewModifier */,
			);
			path = Views;
			sourceTree = "<group>";
		};
		426599A92CF4DB0200623D0D /* System */ = {
			isa = PBXGroup;
			children = (
				426599A02CF4DA9600623D0D /* RickAndMortySDPApp.swift */,
			);
			path = System;
			sourceTree = "<group>";
		};
		426599AE2CF4E2E400623D0D /* Repository */ = {
			isa = PBXGroup;
			children = (
				426599AF2CF4E31000623D0D /* RepositoryMorty.swift */,
			);
			path = Repository;
			sourceTree = "<group>";
		};
		426599B12CF4E7CE00623D0D /* Interface */ = {
			isa = PBXGroup;
			children = (
				426599B22CF4E7E400623D0D /* NetWorkError.swift */,
				42E6009D2CF6399500F75738 /* URL.swift */,
				42E6009F2CF63FC200F75738 /* URLSession.swift */,
				42BEB56E2CF77F4200C67406 /* NetworkRepository.swift */,
				42BEB5702CF789AA00C67406 /* URLRequest.swift */,
			);
			path = Interface;
			sourceTree = "<group>";
		};
		426599B42CF4EAD700623D0D /* ViewModel */ = {
			isa = PBXGroup;
			children = (
				426599B52CF4EAFE00623D0D /* RickyMortyListVM.swift */,
			);
			path = ViewModel;
			sourceTree = "<group>";
		};
		42E600962CF62FCF00F75738 /* extension */ = {
			isa = PBXGroup;
			children = (
				42E600972CF62FE500F75738 /* CustomDateFormatter.swift */,
			);
			path = extension;
			sourceTree = "<group>";
		};
/* End PBXGroup section */

/* Begin PBXNativeTarget section */
		426599892CF4DA7000623D0D /* RickAndMortySDP */ = {
			isa = PBXNativeTarget;
			buildConfigurationList = 426599982CF4DA7200623D0D /* Build configuration list for PBXNativeTarget "RickAndMortySDP" */;
			buildPhases = (
				426599862CF4DA7000623D0D /* Sources */,
				426599872CF4DA7000623D0D /* Frameworks */,
				426599882CF4DA7000623D0D /* Resources */,
			);
			buildRules = (
			);
			dependencies = (
			);
			name = RickAndMortySDP;
			packageProductDependencies = (
			);
			productName = RickAndMortySDP;
			productReference = 4265998A2CF4DA7000623D0D /* RickAndMortySDP.app */;
			productType = "com.apple.product-type.application";
		};
/* End PBXNativeTarget section */

/* Begin PBXProject section */
		426599822CF4DA7000623D0D /* Project object */ = {
			isa = PBXProject;
			attributes = {
				BuildIndependentTargetsInParallel = 1;
				LastSwiftUpdateCheck = 1610;
				LastUpgradeCheck = 1610;
				TargetAttributes = {
					426599892CF4DA7000623D0D = {
						CreatedOnToolsVersion = 16.1;
					};
				};
			};
			buildConfigurationList = 426599852CF4DA7000623D0D /* Build configuration list for PBXProject "RickAndMortySDP" */;
			developmentRegion = en;
			hasScannedForEncodings = 0;
			knownRegions = (
				en,
				Base,
			);
			mainGroup = 426599812CF4DA7000623D0D;
			minimizedProjectReferenceProxies = 1;
			preferredProjectObjectVersion = 77;
			productRefGroup = 4265998B2CF4DA7000623D0D /* Products */;
			projectDirPath = "";
			projectRoot = "";
			targets = (
				426599892CF4DA7000623D0D /* RickAndMortySDP */,
			);
		};
/* End PBXProject section */

/* Begin PBXResourcesBuildPhase section */
		426599882CF4DA7000623D0D /* Resources */ = {
			isa = PBXResourcesBuildPhase;
			buildActionMask = 2147483647;
			files = (
				426599A22CF4DA9600623D0D /* Preview Assets.xcassets in Resources */,
				42E6009A2CF632A900F75738 /* RickMortyMockData.json in Resources */,
				426599A32CF4DA9600623D0D /* Assets.xcassets in Resources */,
			);
			runOnlyForDeploymentPostprocessing = 0;
		};
/* End PBXResourcesBuildPhase section */

/* Begin PBXSourcesBuildPhase section */
		426599862CF4DA7000623D0D /* Sources */ = {
			isa = PBXSourcesBuildPhase;
			buildActionMask = 2147483647;
			files = (
				42BEB56F2CF77F4200C67406 /* NetworkRepository.swift in Sources */,
				FCC4BBE52CF8DFE1002A4257 /* HomeView.swift in Sources */,
				426599AD2CF4DE3200623D0D /* RickMortyModel.swift in Sources */,
				42E600982CF62FE500F75738 /* CustomDateFormatter.swift in Sources */,
				42E600A02CF63FC200F75738 /* URLSession.swift in Sources */,
				FCC4BBE72CF8E0B1002A4257 /* FavoritesListView.swift in Sources */,
				426599B02CF4E31000623D0D /* RepositoryMorty.swift in Sources */,
				426599A42CF4DA9600623D0D /* RickyMortyView.swift in Sources */,
				426599B32CF4E7E400623D0D /* NetWorkError.swift in Sources */,
				42E6009E2CF6399500F75738 /* URL.swift in Sources */,
				42BEB5712CF789AA00C67406 /* URLRequest.swift in Sources */,
				42E6009C2CF636C900F75738 /* PreviewData.swift in Sources */,
				424CDDEE2CFF786400EFCE5D /* CustomToolBar.swift in Sources */,
				426599AB2CF4DB5400623D0D /* RickMortyModelDTO.swift in Sources */,
				426599B62CF4EAFE00623D0D /* RickyMortyListVM.swift in Sources */,
				426599A52CF4DA9600623D0D /* RickAndMortySDPApp.swift in Sources */,
			);
			runOnlyForDeploymentPostprocessing = 0;
		};
/* End PBXSourcesBuildPhase section */

/* Begin XCBuildConfiguration section */
		426599962CF4DA7200623D0D /* Debug */ = {
			isa = XCBuildConfiguration;
			buildSettings = {
				ALWAYS_SEARCH_USER_PATHS = NO;
				ASSETCATALOG_COMPILER_GENERATE_SWIFT_ASSET_SYMBOL_EXTENSIONS = YES;
				CLANG_ANALYZER_NONNULL = YES;
				CLANG_ANALYZER_NUMBER_OBJECT_CONVERSION = YES_AGGRESSIVE;
				CLANG_CXX_LANGUAGE_STANDARD = "gnu++20";
				CLANG_ENABLE_MODULES = YES;
				CLANG_ENABLE_OBJC_ARC = YES;
				CLANG_ENABLE_OBJC_WEAK = YES;
				CLANG_WARN_BLOCK_CAPTURE_AUTORELEASING = YES;
				CLANG_WARN_BOOL_CONVERSION = YES;
				CLANG_WARN_COMMA = YES;
				CLANG_WARN_CONSTANT_CONVERSION = YES;
				CLANG_WARN_DEPRECATED_OBJC_IMPLEMENTATIONS = YES;
				CLANG_WARN_DIRECT_OBJC_ISA_USAGE = YES_ERROR;
				CLANG_WARN_DOCUMENTATION_COMMENTS = YES;
				CLANG_WARN_EMPTY_BODY = YES;
				CLANG_WARN_ENUM_CONVERSION = YES;
				CLANG_WARN_INFINITE_RECURSION = YES;
				CLANG_WARN_INT_CONVERSION = YES;
				CLANG_WARN_NON_LITERAL_NULL_CONVERSION = YES;
				CLANG_WARN_OBJC_IMPLICIT_RETAIN_SELF = YES;
				CLANG_WARN_OBJC_LITERAL_CONVERSION = YES;
				CLANG_WARN_OBJC_ROOT_CLASS = YES_ERROR;
				CLANG_WARN_QUOTED_INCLUDE_IN_FRAMEWORK_HEADER = YES;
				CLANG_WARN_RANGE_LOOP_ANALYSIS = YES;
				CLANG_WARN_STRICT_PROTOTYPES = YES;
				CLANG_WARN_SUSPICIOUS_MOVE = YES;
				CLANG_WARN_UNGUARDED_AVAILABILITY = YES_AGGRESSIVE;
				CLANG_WARN_UNREACHABLE_CODE = YES;
				CLANG_WARN__DUPLICATE_METHOD_MATCH = YES;
				COPY_PHASE_STRIP = NO;
				DEBUG_INFORMATION_FORMAT = dwarf;
				DEVELOPMENT_TEAM = RTP3BVY32M;
				ENABLE_STRICT_OBJC_MSGSEND = YES;
				ENABLE_TESTABILITY = YES;
				ENABLE_USER_SCRIPT_SANDBOXING = YES;
				GCC_C_LANGUAGE_STANDARD = gnu17;
				GCC_DYNAMIC_NO_PIC = NO;
				GCC_NO_COMMON_BLOCKS = YES;
				GCC_OPTIMIZATION_LEVEL = 0;
				GCC_PREPROCESSOR_DEFINITIONS = (
					"DEBUG=1",
					"$(inherited)",
				);
				GCC_WARN_64_TO_32_BIT_CONVERSION = YES;
				GCC_WARN_ABOUT_RETURN_TYPE = YES_ERROR;
				GCC_WARN_UNDECLARED_SELECTOR = YES;
				GCC_WARN_UNINITIALIZED_AUTOS = YES_AGGRESSIVE;
				GCC_WARN_UNUSED_FUNCTION = YES;
				GCC_WARN_UNUSED_VARIABLE = YES;
				IPHONEOS_DEPLOYMENT_TARGET = 18.1;
				LOCALIZATION_PREFERS_STRING_CATALOGS = YES;
				MTL_ENABLE_DEBUG_INFO = INCLUDE_SOURCE;
				MTL_FAST_MATH = YES;
				ONLY_ACTIVE_ARCH = YES;
				SDKROOT = iphoneos;
				SWIFT_ACTIVE_COMPILATION_CONDITIONS = "DEBUG $(inherited)";
				SWIFT_OPTIMIZATION_LEVEL = "-Onone";
				SWIFT_VERSION = 6.0;
			};
			name = Debug;
		};
		426599972CF4DA7200623D0D /* Release */ = {
			isa = XCBuildConfiguration;
			buildSettings = {
				ALWAYS_SEARCH_USER_PATHS = NO;
				ASSETCATALOG_COMPILER_GENERATE_SWIFT_ASSET_SYMBOL_EXTENSIONS = YES;
				CLANG_ANALYZER_NONNULL = YES;
				CLANG_ANALYZER_NUMBER_OBJECT_CONVERSION = YES_AGGRESSIVE;
				CLANG_CXX_LANGUAGE_STANDARD = "gnu++20";
				CLANG_ENABLE_MODULES = YES;
				CLANG_ENABLE_OBJC_ARC = YES;
				CLANG_ENABLE_OBJC_WEAK = YES;
				CLANG_WARN_BLOCK_CAPTURE_AUTORELEASING = YES;
				CLANG_WARN_BOOL_CONVERSION = YES;
				CLANG_WARN_COMMA = YES;
				CLANG_WARN_CONSTANT_CONVERSION = YES;
				CLANG_WARN_DEPRECATED_OBJC_IMPLEMENTATIONS = YES;
				CLANG_WARN_DIRECT_OBJC_ISA_USAGE = YES_ERROR;
				CLANG_WARN_DOCUMENTATION_COMMENTS = YES;
				CLANG_WARN_EMPTY_BODY = YES;
				CLANG_WARN_ENUM_CONVERSION = YES;
				CLANG_WARN_INFINITE_RECURSION = YES;
				CLANG_WARN_INT_CONVERSION = YES;
				CLANG_WARN_NON_LITERAL_NULL_CONVERSION = YES;
				CLANG_WARN_OBJC_IMPLICIT_RETAIN_SELF = YES;
				CLANG_WARN_OBJC_LITERAL_CONVERSION = YES;
				CLANG_WARN_OBJC_ROOT_CLASS = YES_ERROR;
				CLANG_WARN_QUOTED_INCLUDE_IN_FRAMEWORK_HEADER = YES;
				CLANG_WARN_RANGE_LOOP_ANALYSIS = YES;
				CLANG_WARN_STRICT_PROTOTYPES = YES;
				CLANG_WARN_SUSPICIOUS_MOVE = YES;
				CLANG_WARN_UNGUARDED_AVAILABILITY = YES_AGGRESSIVE;
				CLANG_WARN_UNREACHABLE_CODE = YES;
				CLANG_WARN__DUPLICATE_METHOD_MATCH = YES;
				COPY_PHASE_STRIP = NO;
				DEBUG_INFORMATION_FORMAT = "dwarf-with-dsym";
				DEVELOPMENT_TEAM = RTP3BVY32M;
				ENABLE_NS_ASSERTIONS = NO;
				ENABLE_STRICT_OBJC_MSGSEND = YES;
				ENABLE_USER_SCRIPT_SANDBOXING = YES;
				GCC_C_LANGUAGE_STANDARD = gnu17;
				GCC_NO_COMMON_BLOCKS = YES;
				GCC_WARN_64_TO_32_BIT_CONVERSION = YES;
				GCC_WARN_ABOUT_RETURN_TYPE = YES_ERROR;
				GCC_WARN_UNDECLARED_SELECTOR = YES;
				GCC_WARN_UNINITIALIZED_AUTOS = YES_AGGRESSIVE;
				GCC_WARN_UNUSED_FUNCTION = YES;
				GCC_WARN_UNUSED_VARIABLE = YES;
				IPHONEOS_DEPLOYMENT_TARGET = 18.1;
				LOCALIZATION_PREFERS_STRING_CATALOGS = YES;
				MTL_ENABLE_DEBUG_INFO = NO;
				MTL_FAST_MATH = YES;
				SDKROOT = iphoneos;
				SWIFT_COMPILATION_MODE = wholemodule;
				SWIFT_VERSION = 6.0;
				VALIDATE_PRODUCT = YES;
			};
			name = Release;
		};
		426599992CF4DA7200623D0D /* Debug */ = {
			isa = XCBuildConfiguration;
			buildSettings = {
				ASSETCATALOG_COMPILER_APPICON_NAME = AppIcon;
				ASSETCATALOG_COMPILER_GLOBAL_ACCENT_COLOR_NAME = AccentColor;
				CODE_SIGN_STYLE = Automatic;
				CURRENT_PROJECT_VERSION = 1;
				DEVELOPMENT_ASSET_PATHS = "\"RickAndMortySDP/Preview Content\"";
				DEVELOPMENT_TEAM = RTP3BVY32M;
				ENABLE_PREVIEWS = YES;
				GENERATE_INFOPLIST_FILE = YES;
				INFOPLIST_KEY_UIApplicationSceneManifest_Generation = YES;
				INFOPLIST_KEY_UIApplicationSupportsIndirectInputEvents = YES;
				INFOPLIST_KEY_UILaunchScreen_Generation = YES;
				INFOPLIST_KEY_UISupportedInterfaceOrientations_iPad = "UIInterfaceOrientationPortrait UIInterfaceOrientationPortraitUpsideDown UIInterfaceOrientationLandscapeLeft UIInterfaceOrientationLandscapeRight";
				INFOPLIST_KEY_UISupportedInterfaceOrientations_iPhone = "UIInterfaceOrientationPortrait UIInterfaceOrientationLandscapeLeft UIInterfaceOrientationLandscapeRight";
				LD_RUNPATH_SEARCH_PATHS = (
					"$(inherited)",
					"@executable_path/Frameworks",
				);
				MARKETING_VERSION = 1.0;
				PRODUCT_BUNDLE_IDENTIFIER = com.alamalonzo.RickAndMortySDP;
				PRODUCT_NAME = "$(TARGET_NAME)";
				SWIFT_EMIT_LOC_STRINGS = YES;
				SWIFT_VERSION = 6.0;
				TARGETED_DEVICE_FAMILY = "1,2";
			};
			name = Debug;
		};
		4265999A2CF4DA7200623D0D /* Release */ = {
			isa = XCBuildConfiguration;
			buildSettings = {
				ASSETCATALOG_COMPILER_APPICON_NAME = AppIcon;
				ASSETCATALOG_COMPILER_GLOBAL_ACCENT_COLOR_NAME = AccentColor;
				CODE_SIGN_STYLE = Automatic;
				CURRENT_PROJECT_VERSION = 1;
				DEVELOPMENT_ASSET_PATHS = "\"RickAndMortySDP/Preview Content\"";
				DEVELOPMENT_TEAM = RTP3BVY32M;
				ENABLE_PREVIEWS = YES;
				GENERATE_INFOPLIST_FILE = YES;
				INFOPLIST_KEY_UIApplicationSceneManifest_Generation = YES;
				INFOPLIST_KEY_UIApplicationSupportsIndirectInputEvents = YES;
				INFOPLIST_KEY_UILaunchScreen_Generation = YES;
				INFOPLIST_KEY_UISupportedInterfaceOrientations_iPad = "UIInterfaceOrientationPortrait UIInterfaceOrientationPortraitUpsideDown UIInterfaceOrientationLandscapeLeft UIInterfaceOrientationLandscapeRight";
				INFOPLIST_KEY_UISupportedInterfaceOrientations_iPhone = "UIInterfaceOrientationPortrait UIInterfaceOrientationLandscapeLeft UIInterfaceOrientationLandscapeRight";
				LD_RUNPATH_SEARCH_PATHS = (
					"$(inherited)",
					"@executable_path/Frameworks",
				);
				MARKETING_VERSION = 1.0;
				PRODUCT_BUNDLE_IDENTIFIER = com.alamalonzo.RickAndMortySDP;
				PRODUCT_NAME = "$(TARGET_NAME)";
				SWIFT_EMIT_LOC_STRINGS = YES;
				SWIFT_VERSION = 6.0;
				TARGETED_DEVICE_FAMILY = "1,2";
			};
			name = Release;
		};
/* End XCBuildConfiguration section */

/* Begin XCConfigurationList section */
		426599852CF4DA7000623D0D /* Build configuration list for PBXProject "RickAndMortySDP" */ = {
			isa = XCConfigurationList;
			buildConfigurations = (
				426599962CF4DA7200623D0D /* Debug */,
				426599972CF4DA7200623D0D /* Release */,
			);
			defaultConfigurationIsVisible = 0;
			defaultConfigurationName = Release;
		};
		426599982CF4DA7200623D0D /* Build configuration list for PBXNativeTarget "RickAndMortySDP" */ = {
			isa = XCConfigurationList;
			buildConfigurations = (
				426599992CF4DA7200623D0D /* Debug */,
				4265999A2CF4DA7200623D0D /* Release */,
			);
			defaultConfigurationIsVisible = 0;
			defaultConfigurationName = Release;
		};
/* End XCConfigurationList section */
	};
	rootObject = 426599822CF4DA7000623D0D /* Project object */;
}
